
Microsoft Visual Studio Solution File, Format Version 12.00
# Visual Studio 15
VisualStudioVersion = 15.0.27130.2003
MinimumVisualStudioVersion = 10.0.40219.1
Project("{FAE04EC0-301F-11D3-BF4B-00C04F79EFBC}") = "ProjetoPraticaII", "ProjetoPraticaII\ProjetoPraticaII.csproj", "{863E9D48-E575-4F45-8518-72F5C0797632}"
EndProject
Global
	GlobalSection(SolutionConfigurationPlatforms) = preSolution
		Debug|Any CPU = Debug|Any CPU
		Release|Any CPU = Release|Any CPU
	EndGlobalSection
	GlobalSection(ProjectConfigurationPlatforms) = postSolution
		{863E9D48-E575-4F45-8518-72F5C0797632}.Debug|Any CPU.ActiveCfg = Debug|Any CPU
		{863E9D48-E575-4F45-8518-72F5C0797632}.Debug|Any CPU.Build.0 = Debug|Any CPU
		{863E9D48-E575-4F45-8518-72F5C0797632}.Release|Any CPU.ActiveCfg = Release|Any CPU
		{863E9D48-E575-4F45-8518-72F5C0797632}.Release|Any CPU.Build.0 = Release|Any CPU
	EndGlobalSection
	GlobalSection(SolutionProperties) = preSolution
		HideSolutionNode = FALSE
	EndGlobalSection
	GlobalSection(ExtensibilityGlobals) = postSolution
		SolutionGuid = {91073ACB-74F1-4C8F-A0CB-B0A63B9295AA}
	EndGlobalSection
EndGlobal
